
Microsoft Visual Studio Solution File, Format Version 12.00
# Visual Studio Version 17
VisualStudioVersion = 17.7.34202.233
MinimumVisualStudioVersion = 10.0.40219.1
Project("{9A19103F-16F7-4668-BE54-9A1E7A4F7556}") = "Entities", "Entities\Entities.csproj", "{7AF9756D-5AD4-4F64-8C60-5ECFA9917439}"
EndProject
Project("{9A19103F-16F7-4668-BE54-9A1E7A4F7556}") = "Core", "Core\Core.csproj", "{976CF893-C049-4FBE-A055-5B997AB4AF46}"
EndProject
Project("{9A19103F-16F7-4668-BE54-9A1E7A4F7556}") = "DataAccess", "DataAccess\DataAccess.csproj", "{FA397FBD-D6B4-46EA-B4A1-E5BFE1D2AB1C}"
EndProject
Project("{9A19103F-16F7-4668-BE54-9A1E7A4F7556}") = "Business", "Business\Business.csproj", "{35EAA212-9319-4D48-B97B-C57CB0DC82C9}"
EndProject
Project("{9A19103F-16F7-4668-BE54-9A1E7A4F7556}") = "ConsoleUI", "ConsoleUI\ConsoleUI.csproj", "{7B9DD77C-0731-40CB-9C02-770DB4C031B0}"
EndProject
Project("{9A19103F-16F7-4668-BE54-9A1E7A4F7556}") = "WebAPI", "WebAPI\WebAPI.csproj", "{35029B4F-CC3B-4820-87BE-D6554E085065}"
EndProject
Global
	GlobalSection(SolutionConfigurationPlatforms) = preSolution
		Debug|Any CPU = Debug|Any CPU
		Release|Any CPU = Release|Any CPU
	EndGlobalSection
	GlobalSection(ProjectConfigurationPlatforms) = postSolution
		{7AF9756D-5AD4-4F64-8C60-5ECFA9917439}.Debug|Any CPU.ActiveCfg = Debug|Any CPU
		{7AF9756D-5AD4-4F64-8C60-5ECFA9917439}.Debug|Any CPU.Build.0 = Debug|Any CPU
		{7AF9756D-5AD4-4F64-8C60-5ECFA9917439}.Release|Any CPU.ActiveCfg = Release|Any CPU
		{7AF9756D-5AD4-4F64-8C60-5ECFA9917439}.Release|Any CPU.Build.0 = Release|Any CPU
		{976CF893-C049-4FBE-A055-5B997AB4AF46}.Debug|Any CPU.ActiveCfg = Debug|Any CPU
		{976CF893-C049-4FBE-A055-5B997AB4AF46}.Debug|Any CPU.Build.0 = Debug|Any CPU
		{976CF893-C049-4FBE-A055-5B997AB4AF46}.Release|Any CPU.ActiveCfg = Release|Any CPU
		{976CF893-C049-4FBE-A055-5B997AB4AF46}.Release|Any CPU.Build.0 = Release|Any CPU
		{FA397FBD-D6B4-46EA-B4A1-E5BFE1D2AB1C}.Debug|Any CPU.ActiveCfg = Debug|Any CPU
		{FA397FBD-D6B4-46EA-B4A1-E5BFE1D2AB1C}.Debug|Any CPU.Build.0 = Debug|Any CPU
		{FA397FBD-D6B4-46EA-B4A1-E5BFE1D2AB1C}.Release|Any CPU.ActiveCfg = Release|Any CPU
		{FA397FBD-D6B4-46EA-B4A1-E5BFE1D2AB1C}.Release|Any CPU.Build.0 = Release|Any CPU
		{35EAA212-9319-4D48-B97B-C57CB0DC82C9}.Debug|Any CPU.ActiveCfg = Debug|Any CPU
		{35EAA212-9319-4D48-B97B-C57CB0DC82C9}.Debug|Any CPU.Build.0 = Debug|Any CPU
		{35EAA212-9319-4D48-B97B-C57CB0DC82C9}.Release|Any CPU.ActiveCfg = Release|Any CPU
		{35EAA212-9319-4D48-B97B-C57CB0DC82C9}.Release|Any CPU.Build.0 = Release|Any CPU
		{7B9DD77C-0731-40CB-9C02-770DB4C031B0}.Debug|Any CPU.ActiveCfg = Debug|Any CPU
		{7B9DD77C-0731-40CB-9C02-770DB4C031B0}.Debug|Any CPU.Build.0 = Debug|Any CPU
		{7B9DD77C-0731-40CB-9C02-770DB4C031B0}.Release|Any CPU.ActiveCfg = Release|Any CPU
		{7B9DD77C-0731-40CB-9C02-770DB4C031B0}.Release|Any CPU.Build.0 = Release|Any CPU
		{35029B4F-CC3B-4820-87BE-D6554E085065}.Debug|Any CPU.ActiveCfg = Debug|Any CPU
		{35029B4F-CC3B-4820-87BE-D6554E085065}.Debug|Any CPU.Build.0 = Debug|Any CPU
		{35029B4F-CC3B-4820-87BE-D6554E085065}.Release|Any CPU.ActiveCfg = Release|Any CPU
		{35029B4F-CC3B-4820-87BE-D6554E085065}.Release|Any CPU.Build.0 = Release|Any CPU
	EndGlobalSection
	GlobalSection(SolutionProperties) = preSolution
		HideSolutionNode = FALSE
	EndGlobalSection
	GlobalSection(ExtensibilityGlobals) = postSolution
		SolutionGuid = {D2E9ECAD-8CE5-4DC1-A2A4-5D2CDA8470F7}
	EndGlobalSection
EndGlobal
